
Microsoft Visual Studio Solution File, Format Version 12.00
# Visual Studio 14
VisualStudioVersion = 14.0.25420.1
MinimumVisualStudioVersion = 10.0.40219.1
Project("{2150E333-8FDC-42A3-9474-1A3956D46DE8}") = "src", "src", "{1F02364A-DBE7-4CD3-85BA-B74AC56640C4}"
EndProject
Project("{2150E333-8FDC-42A3-9474-1A3956D46DE8}") = "Solution Items", "Solution Items", "{D176565C-1091-49CE-9CD5-93468E6F98AD}"
	ProjectSection(SolutionItems) = preProject
		global.json = global.json
	EndProjectSection
EndProject
Project("{8BB2217D-0F2D-49D1-97BC-3654ED321F3B}") = "Microsoft.AzureCAT.Samples.LoggingCommon", "src\Microsoft.AzureCAT.Samples.LoggingCommon\Microsoft.AzureCAT.Samples.LoggingCommon.xproj", "{B31A99A3-0F01-4F00-ACAA-DDDBE51C6872}"
EndProject
Project("{8BB2217D-0F2D-49D1-97BC-3654ED321F3B}") = "Microsoft.AzureCAT.Samples.WebLogger", "src\Microsoft.AzureCAT.Samples.WebLogger\Microsoft.AzureCAT.Samples.WebLogger.xproj", "{D45B6362-B651-4E31-88B6-48B90B6F9CE0}"
EndProject
Global
	GlobalSection(SolutionConfigurationPlatforms) = preSolution
		Debug|Any CPU = Debug|Any CPU
		Release|Any CPU = Release|Any CPU
	EndGlobalSection
	GlobalSection(ProjectConfigurationPlatforms) = postSolution
		{B31A99A3-0F01-4F00-ACAA-DDDBE51C6872}.Debug|Any CPU.ActiveCfg = Debug|Any CPU
		{B31A99A3-0F01-4F00-ACAA-DDDBE51C6872}.Debug|Any CPU.Build.0 = Debug|Any CPU
		{B31A99A3-0F01-4F00-ACAA-DDDBE51C6872}.Release|Any CPU.ActiveCfg = Release|Any CPU
		{B31A99A3-0F01-4F00-ACAA-DDDBE51C6872}.Release|Any CPU.Build.0 = Release|Any CPU
		{D45B6362-B651-4E31-88B6-48B90B6F9CE0}.Debug|Any CPU.ActiveCfg = Debug|Any CPU
		{D45B6362-B651-4E31-88B6-48B90B6F9CE0}.Debug|Any CPU.Build.0 = Debug|Any CPU
		{D45B6362-B651-4E31-88B6-48B90B6F9CE0}.Release|Any CPU.ActiveCfg = Release|Any CPU
		{D45B6362-B651-4E31-88B6-48B90B6F9CE0}.Release|Any CPU.Build.0 = Release|Any CPU
	EndGlobalSection
	GlobalSection(SolutionProperties) = preSolution
		HideSolutionNode = FALSE
	EndGlobalSection
	GlobalSection(NestedProjects) = preSolution
		{B31A99A3-0F01-4F00-ACAA-DDDBE51C6872} = {1F02364A-DBE7-4CD3-85BA-B74AC56640C4}
		{D45B6362-B651-4E31-88B6-48B90B6F9CE0} = {1F02364A-DBE7-4CD3-85BA-B74AC56640C4}
	EndGlobalSection
EndGlobal
